
Microsoft Visual Studio Solution File, Format Version 12.00
# Visual Studio Version 17
VisualStudioVersion = 17.8.34309.116
MinimumVisualStudioVersion = 10.0.40219.1
Project("{FAE04EC0-301F-11D3-BF4B-00C04F79EFBC}") = "EJERCICIO04", "EJERCICIO04\EJERCICIO04.csproj", "{AE6C1002-F1C4-406D-BFE0-3B6D5D5C2598}"
EndProject
Global
	GlobalSection(SolutionConfigurationPlatforms) = preSolution
		Debug|Any CPU = Debug|Any CPU
		Release|Any CPU = Release|Any CPU
	EndGlobalSection
	GlobalSection(ProjectConfigurationPlatforms) = postSolution
		{AE6C1002-F1C4-406D-BFE0-3B6D5D5C2598}.Debug|Any CPU.ActiveCfg = Debug|Any CPU
		{AE6C1002-F1C4-406D-BFE0-3B6D5D5C2598}.Debug|Any CPU.Build.0 = Debug|Any CPU
		{AE6C1002-F1C4-406D-BFE0-3B6D5D5C2598}.Release|Any CPU.ActiveCfg = Release|Any CPU
		{AE6C1002-F1C4-406D-BFE0-3B6D5D5C2598}.Release|Any CPU.Build.0 = Release|Any CPU
	EndGlobalSection
	GlobalSection(SolutionProperties) = preSolution
		HideSolutionNode = FALSE
	EndGlobalSection
	GlobalSection(ExtensibilityGlobals) = postSolution
		SolutionGuid = {A62E093B-D9F7-4B6F-A9BF-6DCBCE1B53B3}
	EndGlobalSection
EndGlobal
